// !$*UTF8*$!
{
	archiveVersion = 1;
	classes = {
	};
	objectVersion = 56;
	objects = {

/* Begin PBXBuildFile section */
		99A5AD052C30970800058D43 /* SwiftUI_WeatherAppApp.swift in Sources */ = {isa = PBXBuildFile; fileRef = 99A5AD042C30970800058D43 /* SwiftUI_WeatherAppApp.swift */; };
		99A5AD072C30970800058D43 /* ContentView.swift in Sources */ = {isa = PBXBuildFile; fileRef = 99A5AD062C30970800058D43 /* ContentView.swift */; };
		99A5AD092C30970900058D43 /* Assets.xcassets in Resources */ = {isa = PBXBuildFile; fileRef = 99A5AD082C30970900058D43 /* Assets.xcassets */; };
		99A5AD0C2C30970900058D43 /* Preview Assets.xcassets in Resources */ = {isa = PBXBuildFile; fileRef = 99A5AD0B2C30970900058D43 /* Preview Assets.xcassets */; };
		99A5AD162C30970900058D43 /* SwiftUI_WeatherAppTests.swift in Sources */ = {isa = PBXBuildFile; fileRef = 99A5AD152C30970900058D43 /* SwiftUI_WeatherAppTests.swift */; };
		99A5AD202C30970900058D43 /* SwiftUI_WeatherAppUITests.swift in Sources */ = {isa = PBXBuildFile; fileRef = 99A5AD1F2C30970900058D43 /* SwiftUI_WeatherAppUITests.swift */; };
		99A5AD222C30970900058D43 /* SwiftUI_WeatherAppUITestsLaunchTests.swift in Sources */ = {isa = PBXBuildFile; fileRef = 99A5AD212C30970900058D43 /* SwiftUI_WeatherAppUITestsLaunchTests.swift */; };
/* End PBXBuildFile section */

/* Begin PBXContainerItemProxy section */
		99A5AD122C30970900058D43 /* PBXContainerItemProxy */ = {
			isa = PBXContainerItemProxy;
			containerPortal = 99A5ACF92C30970800058D43 /* Project object */;
			proxyType = 1;
			remoteGlobalIDString = 99A5AD002C30970800058D43;
			remoteInfo = "SwiftUI-WeatherApp";
		};
		99A5AD1C2C30970900058D43 /* PBXContainerItemProxy */ = {
			isa = PBXContainerItemProxy;
			containerPortal = 99A5ACF92C30970800058D43 /* Project object */;
			proxyType = 1;
			remoteGlobalIDString = 99A5AD002C30970800058D43;
			remoteInfo = "SwiftUI-WeatherApp";
		};
/* End PBXContainerItemProxy section */

/* Begin PBXFileReference section */
		99A5AD012C30970800058D43 /* SwiftUI-WeatherApp.app */ = {isa = PBXFileReference; explicitFileType = wrapper.application; includeInIndex = 0; path = "SwiftUI-WeatherApp.app"; sourceTree = BUILT_PRODUCTS_DIR; };
		99A5AD042C30970800058D43 /* SwiftUI_WeatherAppApp.swift */ = {isa = PBXFileReference; lastKnownFileType = sourcecode.swift; path = SwiftUI_WeatherAppApp.swift; sourceTree = "<group>"; };
		99A5AD062C30970800058D43 /* ContentView.swift */ = {isa = PBXFileReference; lastKnownFileType = sourcecode.swift; path = ContentView.swift; sourceTree = "<group>"; };
		99A5AD082C30970900058D43 /* Assets.xcassets */ = {isa = PBXFileReference; lastKnownFileType = folder.assetcatalog; path = Assets.xcassets; sourceTree = "<group>"; };
		99A5AD0B2C30970900058D43 /* Preview Assets.xcassets */ = {isa = PBXFileReference; lastKnownFileType = folder.assetcatalog; path = "Preview Assets.xcassets"; sourceTree = "<group>"; };
		99A5AD112C30970900058D43 /* SwiftUI-WeatherAppTests.xctest */ = {isa = PBXFileReference; explicitFileType = wrapper.cfbundle; includeInIndex = 0; path = "SwiftUI-WeatherAppTests.xctest"; sourceTree = BUILT_PRODUCTS_DIR; };
		99A5AD152C30970900058D43 /* SwiftUI_WeatherAppTests.swift */ = {isa = PBXFileReference; lastKnownFileType = sourcecode.swift; path = SwiftUI_WeatherAppTests.swift; sourceTree = "<group>"; };
		99A5AD1B2C30970900058D43 /* SwiftUI-WeatherAppUITests.xctest */ = {isa = PBXFileReference; explicitFileType = wrapper.cfbundle; includeInIndex = 0; path = "SwiftUI-WeatherAppUITests.xctest"; sourceTree = BUILT_PRODUCTS_DIR; };
		99A5AD1F2C30970900058D43 /* SwiftUI_WeatherAppUITests.swift */ = {isa = PBXFileReference; lastKnownFileType = sourcecode.swift; path = SwiftUI_WeatherAppUITests.swift; sourceTree = "<group>"; };
		99A5AD212C30970900058D43 /* SwiftUI_WeatherAppUITestsLaunchTests.swift */ = {isa = PBXFileReference; lastKnownFileType = sourcecode.swift; path = SwiftUI_WeatherAppUITestsLaunchTests.swift; sourceTree = "<group>"; };
/* End PBXFileReference section */

/* Begin PBXFrameworksBuildPhase section */
		99A5ACFE2C30970800058D43 /* Frameworks */ = {
			isa = PBXFrameworksBuildPhase;
			buildActionMask = 2147483647;
			files = (
			);
			runOnlyForDeploymentPostprocessing = 0;
		};
		99A5AD0E2C30970900058D43 /* Frameworks */ = {
			isa = PBXFrameworksBuildPhase;
			buildActionMask = 2147483647;
			files = (
			);
			runOnlyForDeploymentPostprocessing = 0;
		};
		99A5AD182C30970900058D43 /* Frameworks */ = {
			isa = PBXFrameworksBuildPhase;
			buildActionMask = 2147483647;
			files = (
			);
			runOnlyForDeploymentPostprocessing = 0;
		};
/* End PBXFrameworksBuildPhase section */

/* Begin PBXGroup section */
		99A5ACF82C30970800058D43 = {
			isa = PBXGroup;
			children = (
				99A5AD032C30970800058D43 /* SwiftUI-WeatherApp */,
				99A5AD142C30970900058D43 /* SwiftUI-WeatherAppTests */,
				99A5AD1E2C30970900058D43 /* SwiftUI-WeatherAppUITests */,
				99A5AD022C30970800058D43 /* Products */,
			);
			sourceTree = "<group>";
		};
		99A5AD022C30970800058D43 /* Products */ = {
			isa = PBXGroup;
			children = (
				99A5AD012C30970800058D43 /* SwiftUI-WeatherApp.app */,
				99A5AD112C30970900058D43 /* SwiftUI-WeatherAppTests.xctest */,
				99A5AD1B2C30970900058D43 /* SwiftUI-WeatherAppUITests.xctest */,
			);
			name = Products;
			sourceTree = "<group>";
		};
		99A5AD032C30970800058D43 /* SwiftUI-WeatherApp */ = {
			isa = PBXGroup;
			children = (
				99A5AD042C30970800058D43 /* SwiftUI_WeatherAppApp.swift */,
				99A5AD062C30970800058D43 /* ContentView.swift */,
				99A5AD082C30970900058D43 /* Assets.xcassets */,
				99A5AD0A2C30970900058D43 /* Preview Content */,
			);
			path = "SwiftUI-WeatherApp";
			sourceTree = "<group>";
		};
		99A5AD0A2C30970900058D43 /* Preview Content */ = {
			isa = PBXGroup;
			children = (
				99A5AD0B2C30970900058D43 /* Preview Assets.xcassets */,
			);
			path = "Preview Content";
			sourceTree = "<group>";
		};
		99A5AD142C30970900058D43 /* SwiftUI-WeatherAppTests */ = {
			isa = PBXGroup;
			children = (
				99A5AD152C30970900058D43 /* SwiftUI_WeatherAppTests.swift */,
			);
			path = "SwiftUI-WeatherAppTests";
			sourceTree = "<group>";
		};
		99A5AD1E2C30970900058D43 /* SwiftUI-WeatherAppUITests */ = {
			isa = PBXGroup;
			children = (
				99A5AD1F2C30970900058D43 /* SwiftUI_WeatherAppUITests.swift */,
				99A5AD212C30970900058D43 /* SwiftUI_WeatherAppUITestsLaunchTests.swift */,
			);
			path = "SwiftUI-WeatherAppUITests";
			sourceTree = "<group>";
		};
/* End PBXGroup section */

/* Begin PBXNativeTarget section */
		99A5AD002C30970800058D43 /* SwiftUI-WeatherApp */ = {
			isa = PBXNativeTarget;
			buildConfigurationList = 99A5AD252C30970900058D43 /* Build configuration list for PBXNativeTarget "SwiftUI-WeatherApp" */;
			buildPhases = (
				99A5ACFD2C30970800058D43 /* Sources */,
				99A5ACFE2C30970800058D43 /* Frameworks */,
				99A5ACFF2C30970800058D43 /* Resources */,
			);
			buildRules = (
			);
			dependencies = (
			);
			name = "SwiftUI-WeatherApp";
			productName = "SwiftUI-WeatherApp";
			productReference = 99A5AD012C30970800058D43 /* SwiftUI-WeatherApp.app */;
			productType = "com.apple.product-type.application";
		};
		99A5AD102C30970900058D43 /* SwiftUI-WeatherAppTests */ = {
			isa = PBXNativeTarget;
			buildConfigurationList = 99A5AD282C30970900058D43 /* Build configuration list for PBXNativeTarget "SwiftUI-WeatherAppTests" */;
			buildPhases = (
				99A5AD0D2C30970900058D43 /* Sources */,
				99A5AD0E2C30970900058D43 /* Frameworks */,
				99A5AD0F2C30970900058D43 /* Resources */,
			);
			buildRules = (
			);
			dependencies = (
				99A5AD132C30970900058D43 /* PBXTargetDependency */,
			);
			name = "SwiftUI-WeatherAppTests";
			productName = "SwiftUI-WeatherAppTests";
			productReference = 99A5AD112C30970900058D43 /* SwiftUI-WeatherAppTests.xctest */;
			productType = "com.apple.product-type.bundle.unit-test";
		};
		99A5AD1A2C30970900058D43 /* SwiftUI-WeatherAppUITests */ = {
			isa = PBXNativeTarget;
			buildConfigurationList = 99A5AD2B2C30970900058D43 /* Build configuration list for PBXNativeTarget "SwiftUI-WeatherAppUITests" */;
			buildPhases = (
				99A5AD172C30970900058D43 /* Sources */,
				99A5AD182C30970900058D43 /* Frameworks */,
				99A5AD192C30970900058D43 /* Resources */,
			);
			buildRules = (
			);
			dependencies = (
				99A5AD1D2C30970900058D43 /* PBXTargetDependency */,
			);
			name = "SwiftUI-WeatherAppUITests";
			productName = "SwiftUI-WeatherAppUITests";
			productReference = 99A5AD1B2C30970900058D43 /* SwiftUI-WeatherAppUITests.xctest */;
			productType = "com.apple.product-type.bundle.ui-testing";
		};
/* End PBXNativeTarget section */

/* Begin PBXProject section */
		99A5ACF92C30970800058D43 /* Project object */ = {
			isa = PBXProject;
			attributes = {
				BuildIndependentTargetsInParallel = 1;
				LastSwiftUpdateCheck = 1540;
				LastUpgradeCheck = 1540;
				TargetAttributes = {
					99A5AD002C30970800058D43 = {
						CreatedOnToolsVersion = 15.4;
					};
					99A5AD102C30970900058D43 = {
						CreatedOnToolsVersion = 15.4;
						TestTargetID = 99A5AD002C30970800058D43;
					};
					99A5AD1A2C30970900058D43 = {
						CreatedOnToolsVersion = 15.4;
						TestTargetID = 99A5AD002C30970800058D43;
					};
				};
			};
			buildConfigurationList = 99A5ACFC2C30970800058D43 /* Build configuration list for PBXProject "SwiftUI-WeatherApp" */;
			compatibilityVersion = "Xcode 14.0";
			developmentRegion = en;
			hasScannedForEncodings = 0;
			knownRegions = (
				en,
				Base,
			);
			mainGroup = 99A5ACF82C30970800058D43;
			productRefGroup = 99A5AD022C30970800058D43 /* Products */;
			projectDirPath = "";
			projectRoot = "";
			targets = (
				99A5AD002C30970800058D43 /* SwiftUI-WeatherApp */,
				99A5AD102C30970900058D43 /* SwiftUI-WeatherAppTests */,
				99A5AD1A2C30970900058D43 /* SwiftUI-WeatherAppUITests */,
			);
		};
/* End PBXProject section */

/* Begin PBXResourcesBuildPhase section */
		99A5ACFF2C30970800058D43 /* Resources */ = {
			isa = PBXResourcesBuildPhase;
			buildActionMask = 2147483647;
			files = (
				99A5AD0C2C30970900058D43 /* Preview Assets.xcassets in Resources */,
				99A5AD092C30970900058D43 /* Assets.xcassets in Resources */,
			);
			runOnlyForDeploymentPostprocessing = 0;
		};
		99A5AD0F2C30970900058D43 /* Resources */ = {
			isa = PBXResourcesBuildPhase;
			buildActionMask = 2147483647;
			files = (
			);
			runOnlyForDeploymentPostprocessing = 0;
		};
		99A5AD192C30970900058D43 /* Resources */ = {
			isa = PBXResourcesBuildPhase;
			buildActionMask = 2147483647;
			files = (
			);
			runOnlyForDeploymentPostprocessing = 0;
		};
/* End PBXResourcesBuildPhase section */

/* Begin PBXSourcesBuildPhase section */
		99A5ACFD2C30970800058D43 /* Sources */ = {
			isa = PBXSourcesBuildPhase;
			buildActionMask = 2147483647;
			files = (
				99A5AD072C30970800058D43 /* ContentView.swift in Sources */,
				99A5AD052C30970800058D43 /* SwiftUI_WeatherAppApp.swift in Sources */,
			);
			runOnlyForDeploymentPostprocessing = 0;
		};
		99A5AD0D2C30970900058D43 /* Sources */ = {
			isa = PBXSourcesBuildPhase;
			buildActionMask = 2147483647;
			files = (
				99A5AD162C30970900058D43 /* SwiftUI_WeatherAppTests.swift in Sources */,
			);
			runOnlyForDeploymentPostprocessing = 0;
		};
		99A5AD172C30970900058D43 /* Sources */ = {
			isa = PBXSourcesBuildPhase;
			buildActionMask = 2147483647;
			files = (
				99A5AD202C30970900058D43 /* SwiftUI_WeatherAppUITests.swift in Sources */,
				99A5AD222C30970900058D43 /* SwiftUI_WeatherAppUITestsLaunchTests.swift in Sources */,
			);
			runOnlyForDeploymentPostprocessing = 0;
		};
/* End PBXSourcesBuildPhase section */

/* Begin PBXTargetDependency section */
		99A5AD132C30970900058D43 /* PBXTargetDependency */ = {
			isa = PBXTargetDependency;
			target = 99A5AD002C30970800058D43 /* SwiftUI-WeatherApp */;
			targetProxy = 99A5AD122C30970900058D43 /* PBXContainerItemProxy */;
		};
		99A5AD1D2C30970900058D43 /* PBXTargetDependency */ = {
			isa = PBXTargetDependency;
			target = 99A5AD002C30970800058D43 /* SwiftUI-WeatherApp */;
			targetProxy = 99A5AD1C2C30970900058D43 /* PBXContainerItemProxy */;
		};
/* End PBXTargetDependency section */

/* Begin XCBuildConfiguration section */
		99A5AD232C30970900058D43 /* Debug */ = {
			isa = XCBuildConfiguration;
			buildSettings = {
				ALWAYS_SEARCH_USER_PATHS = NO;
				ASSETCATALOG_COMPILER_GENERATE_SWIFT_ASSET_SYMBOL_EXTENSIONS = YES;
				CLANG_ANALYZER_NONNULL = YES;
				CLANG_ANALYZER_NUMBER_OBJECT_CONVERSION = YES_AGGRESSIVE;
				CLANG_CXX_LANGUAGE_STANDARD = "gnu++20";
				CLANG_ENABLE_MODULES = YES;
				CLANG_ENABLE_OBJC_ARC = YES;
				CLANG_ENABLE_OBJC_WEAK = YES;
				CLANG_WARN_BLOCK_CAPTURE_AUTORELEASING = YES;
				CLANG_WARN_BOOL_CONVERSION = YES;
				CLANG_WARN_COMMA = YES;
				CLANG_WARN_CONSTANT_CONVERSION = YES;
				CLANG_WARN_DEPRECATED_OBJC_IMPLEMENTATIONS = YES;
				CLANG_WARN_DIRECT_OBJC_ISA_USAGE = YES_ERROR;
				CLANG_WARN_DOCUMENTATION_COMMENTS = YES;
				CLANG_WARN_EMPTY_BODY = YES;
				CLANG_WARN_ENUM_CONVERSION = YES;
				CLANG_WARN_INFINITE_RECURSION = YES;
				CLANG_WARN_INT_CONVERSION = YES;
				CLANG_WARN_NON_LITERAL_NULL_CONVERSION = YES;
				CLANG_WARN_OBJC_IMPLICIT_RETAIN_SELF = YES;
				CLANG_WARN_OBJC_LITERAL_CONVERSION = YES;
				CLANG_WARN_OBJC_ROOT_CLASS = YES_ERROR;
				CLANG_WARN_QUOTED_INCLUDE_IN_FRAMEWORK_HEADER = YES;
				CLANG_WARN_RANGE_LOOP_ANALYSIS = YES;
				CLANG_WARN_STRICT_PROTOTYPES = YES;
				CLANG_WARN_SUSPICIOUS_MOVE = YES;
				CLANG_WARN_UNGUARDED_AVAILABILITY = YES_AGGRESSIVE;
				CLANG_WARN_UNREACHABLE_CODE = YES;
				CLANG_WARN__DUPLICATE_METHOD_MATCH = YES;
				COPY_PHASE_STRIP = NO;
				DEBUG_INFORMATION_FORMAT = dwarf;
				ENABLE_STRICT_OBJC_MSGSEND = YES;
				ENABLE_TESTABILITY = YES;
				ENABLE_USER_SCRIPT_SANDBOXING = YES;
				GCC_C_LANGUAGE_STANDARD = gnu17;
				GCC_DYNAMIC_NO_PIC = NO;
				GCC_NO_COMMON_BLOCKS = YES;
				GCC_OPTIMIZATION_LEVEL = 0;
				GCC_PREPROCESSOR_DEFINITIONS = (
					"DEBUG=1",
					"$(inherited)",
				);
				GCC_WARN_64_TO_32_BIT_CONVERSION = YES;
				GCC_WARN_ABOUT_RETURN_TYPE = YES_ERROR;
				GCC_WARN_UNDECLARED_SELECTOR = YES;
				GCC_WARN_UNINITIALIZED_AUTOS = YES_AGGRESSIVE;
				GCC_WARN_UNUSED_FUNCTION = YES;
				GCC_WARN_UNUSED_VARIABLE = YES;
				IPHONEOS_DEPLOYMENT_TARGET = 17.5;
				LOCALIZATION_PREFERS_STRING_CATALOGS = YES;
				MTL_ENABLE_DEBUG_INFO = INCLUDE_SOURCE;
				MTL_FAST_MATH = YES;
				ONLY_ACTIVE_ARCH = YES;
				SDKROOT = iphoneos;
				SWIFT_ACTIVE_COMPILATION_CONDITIONS = "DEBUG $(inherited)";
				SWIFT_OPTIMIZATION_LEVEL = "-Onone";
			};
			name = Debug;
		};
		99A5AD242C30970900058D43 /* Release */ = {
			isa = XCBuildConfiguration;
			buildSettings = {
				ALWAYS_SEARCH_USER_PATHS = NO;
				ASSETCATALOG_COMPILER_GENERATE_SWIFT_ASSET_SYMBOL_EXTENSIONS = YES;
				CLANG_ANALYZER_NONNULL = YES;
				CLANG_ANALYZER_NUMBER_OBJECT_CONVERSION = YES_AGGRESSIVE;
				CLANG_CXX_LANGUAGE_STANDARD = "gnu++20";
				CLANG_ENABLE_MODULES = YES;
				CLANG_ENABLE_OBJC_ARC = YES;
				CLANG_ENABLE_OBJC_WEAK = YES;
				CLANG_WARN_BLOCK_CAPTURE_AUTORELEASING = YES;
				CLANG_WARN_BOOL_CONVERSION = YES;
				CLANG_WARN_COMMA = YES;
				CLANG_WARN_CONSTANT_CONVERSION = YES;
				CLANG_WARN_DEPRECATED_OBJC_IMPLEMENTATIONS = YES;
				CLANG_WARN_DIRECT_OBJC_ISA_USAGE = YES_ERROR;
				CLANG_WARN_DOCUMENTATION_COMMENTS = YES;
				CLANG_WARN_EMPTY_BODY = YES;
				CLANG_WARN_ENUM_CONVERSION = YES;
				CLANG_WARN_INFINITE_RECURSION = YES;
				CLANG_WARN_INT_CONVERSION = YES;
				CLANG_WARN_NON_LITERAL_NULL_CONVERSION = YES;
				CLANG_WARN_OBJC_IMPLICIT_RETAIN_SELF = YES;
				CLANG_WARN_OBJC_LITERAL_CONVERSION = YES;
				CLANG_WARN_OBJC_ROOT_CLASS = YES_ERROR;
				CLANG_WARN_QUOTED_INCLUDE_IN_FRAMEWORK_HEADER = YES;
				CLANG_WARN_RANGE_LOOP_ANALYSIS = YES;
				CLANG_WARN_STRICT_PROTOTYPES = YES;
				CLANG_WARN_SUSPICIOUS_MOVE = YES;
				CLANG_WARN_UNGUARDED_AVAILABILITY = YES_AGGRESSIVE;
				CLANG_WARN_UNREACHABLE_CODE = YES;
				CLANG_WARN__DUPLICATE_METHOD_MATCH = YES;
				COPY_PHASE_STRIP = NO;
				DEBUG_INFORMATION_FORMAT = "dwarf-with-dsym";
				ENABLE_NS_ASSERTIONS = NO;
				ENABLE_STRICT_OBJC_MSGSEND = YES;
				ENABLE_USER_SCRIPT_SANDBOXING = YES;
				GCC_C_LANGUAGE_STANDARD = gnu17;
				GCC_NO_COMMON_BLOCKS = YES;
				GCC_WARN_64_TO_32_BIT_CONVERSION = YES;
				GCC_WARN_ABOUT_RETURN_TYPE = YES_ERROR;
				GCC_WARN_UNDECLARED_SELECTOR = YES;
				GCC_WARN_UNINITIALIZED_AUTOS = YES_AGGRESSIVE;
				GCC_WARN_UNUSED_FUNCTION = YES;
				GCC_WARN_UNUSED_VARIABLE = YES;
				IPHONEOS_DEPLOYMENT_TARGET = 17.5;
				LOCALIZATION_PREFERS_STRING_CATALOGS = YES;
				MTL_ENABLE_DEBUG_INFO = NO;
				MTL_FAST_MATH = YES;
				SDKROOT = iphoneos;
				SWIFT_COMPILATION_MODE = wholemodule;
				VALIDATE_PRODUCT = YES;
			};
			name = Release;
		};
		99A5AD262C30970900058D43 /* Debug */ = {
			isa = XCBuildConfiguration;
			buildSettings = {
				ASSETCATALOG_COMPILER_APPICON_NAME = AppIcon;
				ASSETCATALOG_COMPILER_GLOBAL_ACCENT_COLOR_NAME = AccentColor;
				CODE_SIGN_STYLE = Automatic;
				CURRENT_PROJECT_VERSION = 1;
				DEVELOPMENT_ASSET_PATHS = "\"SwiftUI-WeatherApp/Preview Content\"";
				DEVELOPMENT_TEAM = 9588F7UA54;
				ENABLE_PREVIEWS = YES;
				GENERATE_INFOPLIST_FILE = YES;
				INFOPLIST_KEY_UIApplicationSceneManifest_Generation = YES;
				INFOPLIST_KEY_UIApplicationSupportsIndirectInputEvents = YES;
				INFOPLIST_KEY_UILaunchScreen_Generation = YES;
				INFOPLIST_KEY_UISupportedInterfaceOrientations_iPad = "UIInterfaceOrientationPortrait UIInterfaceOrientationPortraitUpsideDown UIInterfaceOrientationLandscapeLeft UIInterfaceOrientationLandscapeRight";
				INFOPLIST_KEY_UISupportedInterfaceOrientations_iPhone = "UIInterfaceOrientationPortrait UIInterfaceOrientationLandscapeLeft UIInterfaceOrientationLandscapeRight";
				LD_RUNPATH_SEARCH_PATHS = (
					"$(inherited)",
					"@executable_path/Frameworks",
				);
				MARKETING_VERSION = 1.0;
				PRODUCT_BUNDLE_IDENTIFIER = "com.Arican.SwiftUI-WeatherApp";
				PRODUCT_NAME = "$(TARGET_NAME)";
				SWIFT_EMIT_LOC_STRINGS = YES;
				SWIFT_VERSION = 5.0;
				TARGETED_DEVICE_FAMILY = "1,2";
			};
			name = Debug;
		};
		99A5AD272C30970900058D43 /* Release */ = {
			isa = XCBuildConfiguration;
			buildSettings = {
				ASSETCATALOG_COMPILER_APPICON_NAME = AppIcon;
				ASSETCATALOG_COMPILER_GLOBAL_ACCENT_COLOR_NAME = AccentColor;
				CODE_SIGN_STYLE = Automatic;
				CURRENT_PROJECT_VERSION = 1;
				DEVELOPMENT_ASSET_PATHS = "\"SwiftUI-WeatherApp/Preview Content\"";
				DEVELOPMENT_TEAM = 9588F7UA54;
				ENABLE_PREVIEWS = YES;
				GENERATE_INFOPLIST_FILE = YES;
				INFOPLIST_KEY_UIApplicationSceneManifest_Generation = YES;
				INFOPLIST_KEY_UIApplicationSupportsIndirectInputEvents = YES;
				INFOPLIST_KEY_UILaunchScreen_Generation = YES;
				INFOPLIST_KEY_UISupportedInterfaceOrientations_iPad = "UIInterfaceOrientationPortrait UIInterfaceOrientationPortraitUpsideDown UIInterfaceOrientationLandscapeLeft UIInterfaceOrientationLandscapeRight";
				INFOPLIST_KEY_UISupportedInterfaceOrientations_iPhone = "UIInterfaceOrientationPortrait UIInterfaceOrientationLandscapeLeft UIInterfaceOrientationLandscapeRight";
				LD_RUNPATH_SEARCH_PATHS = (
					"$(inherited)",
					"@executable_path/Frameworks",
				);
				MARKETING_VERSION = 1.0;
				PRODUCT_BUNDLE_IDENTIFIER = "com.Arican.SwiftUI-WeatherApp";
				PRODUCT_NAME = "$(TARGET_NAME)";
				SWIFT_EMIT_LOC_STRINGS = YES;
				SWIFT_VERSION = 5.0;
				TARGETED_DEVICE_FAMILY = "1,2";
			};
			name = Release;
		};
		99A5AD292C30970900058D43 /* Debug */ = {
			isa = XCBuildConfiguration;
			buildSettings = {
				ALWAYS_EMBED_SWIFT_STANDARD_LIBRARIES = YES;
				BUNDLE_LOADER = "$(TEST_HOST)";
				CODE_SIGN_STYLE = Automatic;
				CURRENT_PROJECT_VERSION = 1;
				DEVELOPMENT_TEAM = 9588F7UA54;
				GENERATE_INFOPLIST_FILE = YES;
				IPHONEOS_DEPLOYMENT_TARGET = 17.5;
				MARKETING_VERSION = 1.0;
				PRODUCT_BUNDLE_IDENTIFIER = "com.Arican.SwiftUI-WeatherAppTests";
				PRODUCT_NAME = "$(TARGET_NAME)";
				SWIFT_EMIT_LOC_STRINGS = NO;
				SWIFT_VERSION = 5.0;
				TARGETED_DEVICE_FAMILY = "1,2";
				TEST_HOST = "$(BUILT_PRODUCTS_DIR)/SwiftUI-WeatherApp.app/$(BUNDLE_EXECUTABLE_FOLDER_PATH)/SwiftUI-WeatherApp";
			};
			name = Debug;
		};
		99A5AD2A2C30970900058D43 /* Release */ = {
			isa = XCBuildConfiguration;
			buildSettings = {
				ALWAYS_EMBED_SWIFT_STANDARD_LIBRARIES = YES;
				BUNDLE_LOADER = "$(TEST_HOST)";
				CODE_SIGN_STYLE = Automatic;
				CURRENT_PROJECT_VERSION = 1;
				DEVELOPMENT_TEAM = 9588F7UA54;
				GENERATE_INFOPLIST_FILE = YES;
				IPHONEOS_DEPLOYMENT_TARGET = 17.5;
				MARKETING_VERSION = 1.0;
				PRODUCT_BUNDLE_IDENTIFIER = "com.Arican.SwiftUI-WeatherAppTests";
				PRODUCT_NAME = "$(TARGET_NAME)";
				SWIFT_EMIT_LOC_STRINGS = NO;
				SWIFT_VERSION = 5.0;
				TARGETED_DEVICE_FAMILY = "1,2";
				TEST_HOST = "$(BUILT_PRODUCTS_DIR)/SwiftUI-WeatherApp.app/$(BUNDLE_EXECUTABLE_FOLDER_PATH)/SwiftUI-WeatherApp";
			};
			name = Release;
		};
		99A5AD2C2C30970900058D43 /* Debug */ = {
			isa = XCBuildConfiguration;
			buildSettings = {
				ALWAYS_EMBED_SWIFT_STANDARD_LIBRARIES = YES;
				CODE_SIGN_STYLE = Automatic;
				CURRENT_PROJECT_VERSION = 1;
				DEVELOPMENT_TEAM = 9588F7UA54;
				GENERATE_INFOPLIST_FILE = YES;
				MARKETING_VERSION = 1.0;
				PRODUCT_BUNDLE_IDENTIFIER = "com.Arican.SwiftUI-WeatherAppUITests";
				PRODUCT_NAME = "$(TARGET_NAME)";
				SWIFT_EMIT_LOC_STRINGS = NO;
				SWIFT_VERSION = 5.0;
				TARGETED_DEVICE_FAMILY = "1,2";
				TEST_TARGET_NAME = "SwiftUI-WeatherApp";
			};
			name = Debug;
		};
		99A5AD2D2C30970900058D43 /* Release */ = {
			isa = XCBuildConfiguration;
			buildSettings = {
				ALWAYS_EMBED_SWIFT_STANDARD_LIBRARIES = YES;
				CODE_SIGN_STYLE = Automatic;
				CURRENT_PROJECT_VERSION = 1;
				DEVELOPMENT_TEAM = 9588F7UA54;
				GENERATE_INFOPLIST_FILE = YES;
				MARKETING_VERSION = 1.0;
				PRODUCT_BUNDLE_IDENTIFIER = "com.Arican.SwiftUI-WeatherAppUITests";
				PRODUCT_NAME = "$(TARGET_NAME)";
				SWIFT_EMIT_LOC_STRINGS = NO;
				SWIFT_VERSION = 5.0;
				TARGETED_DEVICE_FAMILY = "1,2";
				TEST_TARGET_NAME = "SwiftUI-WeatherApp";
			};
			name = Release;
		};
/* End XCBuildConfiguration section */

/* Begin XCConfigurationList section */
		99A5ACFC2C30970800058D43 /* Build configuration list for PBXProject "SwiftUI-WeatherApp" */ = {
			isa = XCConfigurationList;
			buildConfigurations = (
				99A5AD232C30970900058D43 /* Debug */,
				99A5AD242C30970900058D43 /* Release */,
			);
			defaultConfigurationIsVisible = 0;
			defaultConfigurationName = Release;
		};
		99A5AD252C30970900058D43 /* Build configuration list for PBXNativeTarget "SwiftUI-WeatherApp" */ = {
			isa = XCConfigurationList;
			buildConfigurations = (
				99A5AD262C30970900058D43 /* Debug */,
				99A5AD272C30970900058D43 /* Release */,
			);
			defaultConfigurationIsVisible = 0;
			defaultConfigurationName = Release;
		};
		99A5AD282C30970900058D43 /* Build configuration list for PBXNativeTarget "SwiftUI-WeatherAppTests" */ = {
			isa = XCConfigurationList;
			buildConfigurations = (
				99A5AD292C30970900058D43 /* Debug */,
				99A5AD2A2C30970900058D43 /* Release */,
			);
			defaultConfigurationIsVisible = 0;
			defaultConfigurationName = Release;
		};
		99A5AD2B2C30970900058D43 /* Build configuration list for PBXNativeTarget "SwiftUI-WeatherAppUITests" */ = {
			isa = XCConfigurationList;
			buildConfigurations = (
				99A5AD2C2C30970900058D43 /* Debug */,
				99A5AD2D2C30970900058D43 /* Release */,
			);
			defaultConfigurationIsVisible = 0;
			defaultConfigurationName = Release;
		};
/* End XCConfigurationList section */
	};
	rootObject = 99A5ACF92C30970800058D43 /* Project object */;
}
